{
    "version": 3,
    "terraform_version": "0.9.11",
    "serial": 410,
    "lineage": "f0dda128-413b-48d1-85a0-b473f7b947f9",
    "modules": [
        {
            "path": [
                "root"
            ],
            "outputs": {},
            "resources": {
                "aws_autoscaling_group.coreos_asg": {
                    "type": "aws_autoscaling_group",
                    "depends_on": [
                        "aws_launch_configuration.coreos_launch_config",
                        "aws_subnet.coreos.*"
                    ],
                    "primary": {
                        "id": "coreos-example-asg",
                        "attributes": {
                            "arn": "arn:aws:autoscaling:us-east-1:075749253238:autoScalingGroup:91db7fda-f597-4a16-9ade-4e90e6720676:autoScalingGroupName/coreos-example-asg",
                            "availability_zones.#": "2",
                            "availability_zones.2762590996": "us-east-1d",
                            "availability_zones.3569565595": "us-east-1a",
                            "default_cooldown": "300",
                            "desired_capacity": "3",
                            "force_delete": "true",
                            "health_check_grace_period": "300",
                            "health_check_type": "EC2",
                            "id": "coreos-example-asg",
                            "launch_configuration": "coreos-example-lc",
                            "load_balancers.#": "0",
                            "max_size": "5",
                            "metrics_granularity": "1Minute",
                            "min_size": "1",
                            "name": "coreos-example-asg",
                            "placement_group": "",
                            "protect_from_scale_in": "false",
                            "suspended_processes.#": "0",
                            "tag.#": "1",
                            "tag.2288694187.key": "Name",
                            "tag.2288694187.propagate_at_launch": "true",
                            "tag.2288694187.value": "coreos-asg",
                            "target_group_arns.#": "0",
                            "termination_policies.#": "0",
                            "vpc_zone_identifier.#": "3",
                            "vpc_zone_identifier.1066094134": "subnet-0ef2246a",
                            "vpc_zone_identifier.2550622254": "subnet-283b6504",
                            "vpc_zone_identifier.4115008225": "subnet-5f366873",
                            "wait_for_capacity_timeout": "10m"
                        },
                        "meta": {},
                        "tainted": false
                    },
                    "deposed": [],
                    "provider": ""
                },
                "aws_iam_instance_profile.flannel-profile": {
                    "type": "aws_iam_instance_profile",
                    "depends_on": [
                        "aws_iam_role.flannel-role"
                    ],
                    "primary": {
                        "id": "Flannel",
                        "attributes": {
                            "arn": "arn:aws:iam::075749253238:instance-profile/Flannel",
                            "id": "Flannel",
                            "name": "Flannel",
                            "path": "/",
                            "role": "Flannel",
                            "roles.#": "0",
                            "unique_id": "AIPAJ73X4OFN7AK54AB2Q"
                        },
                        "meta": {},
                        "tainted": false
                    },
                    "deposed": [],
                    "provider": ""
                },
                "aws_iam_role.flannel-role": {
                    "type": "aws_iam_role",
                    "depends_on": [],
                    "primary": {
                        "id": "Flannel",
                        "attributes": {
                            "arn": "arn:aws:iam::075749253238:role/terraform/Flannel",
                            "assume_role_policy": "{\"Version\":\"2012-10-17\",\"Statement\":[{\"Sid\":\"\",\"Effect\":\"Allow\",\"Principal\":{\"Service\":\"ec2.amazonaws.com\"},\"Action\":\"sts:AssumeRole\"}]}",
                            "create_date": "2017-09-01T10:03:13Z",
                            "description": "Role used by Flannel to manage VPC",
                            "id": "Flannel",
                            "name": "Flannel",
                            "path": "/terraform/",
                            "unique_id": "AROAICO5MMBE7AAT3DGDM"
                        },
                        "meta": {},
                        "tainted": false
                    },
                    "deposed": [],
                    "provider": ""
                },
                "aws_iam_role_policy.route-table-policy": {
                    "type": "aws_iam_role_policy",
                    "depends_on": [
                        "aws_iam_role.flannel-role"
                    ],
                    "primary": {
                        "id": "Flannel:route-table-policy",
                        "attributes": {
                            "id": "Flannel:route-table-policy",
                            "name": "route-table-policy",
                            "policy": "{\n  \"Version\": \"2012-10-17\",\n  \"Statement\": [\n    {\n          \"Effect\": \"Allow\",\n          \"Action\":\n              \"*\",\n          \"Resource\":\n              \"*\"\n\n    }\n\n  ]\n}\n",
                            "role": "Flannel"
                        },
                        "meta": {},
                        "tainted": false
                    },
                    "deposed": [],
                    "provider": ""
                },
                "aws_internet_gateway.coreos_gw": {
                    "type": "aws_internet_gateway",
                    "depends_on": [
                        "aws_vpc.coreos"
                    ],
                    "primary": {
                        "id": "igw-f808199e",
                        "attributes": {
                            "id": "igw-f808199e",
                            "tags.%": "1",
                            "tags.Name": "CoreOS Internet Gateway",
                            "vpc_id": "vpc-86093aff"
                        },
                        "meta": {},
                        "tainted": false
                    },
                    "deposed": [],
                    "provider": ""
                },
                "aws_launch_configuration.coreos_launch_config": {
                    "type": "aws_launch_configuration",
                    "depends_on": [
                        "aws_iam_instance_profile.flannel-profile",
                        "aws_security_group.allow_ssh",
                        "aws_security_group.coreos_sg",
                        "data.ignition_config.main"
                    ],
                    "primary": {
                        "id": "coreos-example-lc",
                        "attributes": {
                            "associate_public_ip_address": "true",
                            "ebs_block_device.#": "0",
                            "ebs_optimized": "false",
                            "enable_monitoring": "true",
                            "ephemeral_block_device.#": "0",
                            "iam_instance_profile": "Flannel",
                            "id": "coreos-example-lc",
                            "image_id": "ami-96494c80",
                            "instance_type": "t2.micro",
                            "key_name": "pwin1",
                            "name": "coreos-example-lc",
                            "root_block_device.#": "1",
                            "root_block_device.0.delete_on_termination": "true",
                            "root_block_device.0.iops": "0",
                            "root_block_device.0.volume_size": "15",
                            "root_block_device.0.volume_type": "gp2",
                            "security_groups.#": "2",
                            "security_groups.1044918374": "sg-5d3f632d",
                            "security_groups.1872224081": "sg-8c005cfc",
                            "spot_price": "",
                            "user_data": "40a86d05333b46872b3bb95b0f92b697d3060b15",
                            "vpc_classic_link_id": "",
                            "vpc_classic_link_security_groups.#": "0"
                        },
                        "meta": {},
                        "tainted": false
                    },
                    "deposed": [],
                    "provider": ""
                },
                "aws_route.internet_access": {
                    "type": "aws_route",
                    "depends_on": [
                        "aws_internet_gateway.coreos_gw",
                        "aws_vpc.coreos"
                    ],
                    "primary": {
                        "id": "r-rtb-afdc68d41080289494",
                        "attributes": {
                            "destination_cidr_block": "0.0.0.0/0",
                            "destination_prefix_list_id": "",
                            "egress_only_gateway_id": "",
                            "gateway_id": "igw-f808199e",
                            "id": "r-rtb-afdc68d41080289494",
                            "instance_id": "",
                            "instance_owner_id": "",
                            "nat_gateway_id": "",
                            "network_interface_id": "",
                            "origin": "CreateRoute",
                            "route_table_id": "rtb-afdc68d4",
                            "state": "active",
                            "vpc_peering_connection_id": ""
                        },
                        "meta": {},
                        "tainted": false
                    },
                    "deposed": [],
                    "provider": ""
                },
                "aws_route_table_association.a.0": {
                    "type": "aws_route_table_association",
                    "depends_on": [
                        "aws_subnet.coreos.*",
                        "aws_vpc.coreos"
                    ],
                    "primary": {
                        "id": "rtbassoc-fac8b980",
                        "attributes": {
                            "id": "rtbassoc-fac8b980",
                            "route_table_id": "rtb-afdc68d4",
                            "subnet_id": "subnet-283b6504"
                        },
                        "meta": {},
                        "tainted": false
                    },
                    "deposed": [],
                    "provider": ""
                },
                "aws_route_table_association.a.1": {
                    "type": "aws_route_table_association",
                    "depends_on": [
                        "aws_subnet.coreos.*",
                        "aws_vpc.coreos"
                    ],
                    "primary": {
                        "id": "rtbassoc-86cdbcfc",
                        "attributes": {
                            "id": "rtbassoc-86cdbcfc",
                            "route_table_id": "rtb-afdc68d4",
                            "subnet_id": "subnet-0ef2246a"
                        },
                        "meta": {},
                        "tainted": false
                    },
                    "deposed": [],
                    "provider": ""
                },
                "aws_route_table_association.a.2": {
                    "type": "aws_route_table_association",
                    "depends_on": [
                        "aws_subnet.coreos.*",
                        "aws_vpc.coreos"
                    ],
                    "primary": {
                        "id": "rtbassoc-a9cabbd3",
                        "attributes": {
                            "id": "rtbassoc-a9cabbd3",
                            "route_table_id": "rtb-afdc68d4",
                            "subnet_id": "subnet-5f366873"
                        },
                        "meta": {},
                        "tainted": false
                    },
                    "deposed": [],
                    "provider": ""
                },
                "aws_security_group.allow_ssh": {
                    "type": "aws_security_group",
                    "depends_on": [
                        "aws_vpc.coreos"
                    ],
                    "primary": {
                        "id": "sg-5d3f632d",
                        "attributes": {
                            "description": "allow incoming ssh",
                            "egress.#": "1",
                            "egress.482069346.cidr_blocks.#": "1",
                            "egress.482069346.cidr_blocks.0": "0.0.0.0/0",
                            "egress.482069346.from_port": "0",
                            "egress.482069346.ipv6_cidr_blocks.#": "0",
                            "egress.482069346.prefix_list_ids.#": "0",
                            "egress.482069346.protocol": "-1",
                            "egress.482069346.security_groups.#": "0",
                            "egress.482069346.self": "false",
                            "egress.482069346.to_port": "0",
                            "id": "sg-5d3f632d",
                            "ingress.#": "1",
                            "ingress.2541437006.cidr_blocks.#": "1",
                            "ingress.2541437006.cidr_blocks.0": "0.0.0.0/0",
                            "ingress.2541437006.from_port": "22",
                            "ingress.2541437006.ipv6_cidr_blocks.#": "0",
                            "ingress.2541437006.protocol": "tcp",
                            "ingress.2541437006.security_groups.#": "0",
                            "ingress.2541437006.self": "false",
                            "ingress.2541437006.to_port": "22",
                            "name": "allow-ssh",
                            "owner_id": "075749253238",
                            "tags.%": "0",
                            "vpc_id": "vpc-86093aff"
                        },
                        "meta": {},
                        "tainted": false
                    },
                    "deposed": [],
                    "provider": ""
                },
                "aws_security_group.coreos_sg": {
                    "type": "aws_security_group",
                    "depends_on": [
                        "aws_vpc.coreos"
                    ],
                    "primary": {
                        "id": "sg-8c005cfc",
                        "attributes": {
                            "description": "CoreOS SecurityGroup",
                            "egress.#": "1",
                            "egress.482069346.cidr_blocks.#": "1",
                            "egress.482069346.cidr_blocks.0": "0.0.0.0/0",
                            "egress.482069346.from_port": "0",
                            "egress.482069346.ipv6_cidr_blocks.#": "0",
                            "egress.482069346.prefix_list_ids.#": "0",
                            "egress.482069346.protocol": "-1",
                            "egress.482069346.security_groups.#": "0",
                            "egress.482069346.self": "false",
                            "egress.482069346.to_port": "0",
                            "id": "sg-8c005cfc",
                            "ingress.#": "4",
                            "ingress.1061218573.cidr_blocks.#": "1",
                            "ingress.1061218573.cidr_blocks.0": "172.16.0.0/16",
                            "ingress.1061218573.from_port": "2380",
                            "ingress.1061218573.ipv6_cidr_blocks.#": "0",
                            "ingress.1061218573.protocol": "tcp",
                            "ingress.1061218573.security_groups.#": "0",
                            "ingress.1061218573.self": "false",
                            "ingress.1061218573.to_port": "2380",
                            "ingress.2063172013.cidr_blocks.#": "1",
                            "ingress.2063172013.cidr_blocks.0": "172.16.0.0/16",
                            "ingress.2063172013.from_port": "22",
                            "ingress.2063172013.ipv6_cidr_blocks.#": "0",
                            "ingress.2063172013.protocol": "tcp",
                            "ingress.2063172013.security_groups.#": "0",
                            "ingress.2063172013.self": "false",
                            "ingress.2063172013.to_port": "22",
                            "ingress.3212475058.cidr_blocks.#": "1",
                            "ingress.3212475058.cidr_blocks.0": "172.16.0.0/16",
                            "ingress.3212475058.from_port": "2379",
                            "ingress.3212475058.ipv6_cidr_blocks.#": "0",
                            "ingress.3212475058.protocol": "tcp",
                            "ingress.3212475058.security_groups.#": "0",
                            "ingress.3212475058.self": "false",
                            "ingress.3212475058.to_port": "2379",
                            "ingress.3834234250.cidr_blocks.#": "1",
                            "ingress.3834234250.cidr_blocks.0": "172.16.0.0/16",
                            "ingress.3834234250.from_port": "4001",
                            "ingress.3834234250.ipv6_cidr_blocks.#": "0",
                            "ingress.3834234250.protocol": "tcp",
                            "ingress.3834234250.security_groups.#": "0",
                            "ingress.3834234250.self": "false",
                            "ingress.3834234250.to_port": "4001",
                            "name": "coreos_sg",
                            "owner_id": "075749253238",
                            "tags.%": "0",
                            "vpc_id": "vpc-86093aff"
                        },
                        "meta": {},
                        "tainted": false
                    },
                    "deposed": [],
                    "provider": ""
                },
                "aws_subnet.coreos.0": {
                    "type": "aws_subnet",
                    "depends_on": [
                        "aws_vpc.coreos"
                    ],
                    "primary": {
                        "id": "subnet-283b6504",
                        "attributes": {
                            "assign_ipv6_address_on_creation": "false",
                            "availability_zone": "us-east-1a",
                            "cidr_block": "172.16.0.0/18",
                            "id": "subnet-283b6504",
                            "map_public_ip_on_launch": "true",
                            "tags.%": "1",
                            "tags.Name": "CoreOS Cluster",
                            "vpc_id": "vpc-86093aff"
                        },
                        "meta": {
                            "schema_version": "1"
                        },
                        "tainted": false
                    },
                    "deposed": [],
                    "provider": ""
                },
                "aws_subnet.coreos.1": {
                    "type": "aws_subnet",
                    "depends_on": [
                        "aws_vpc.coreos"
                    ],
                    "primary": {
                        "id": "subnet-0ef2246a",
                        "attributes": {
                            "assign_ipv6_address_on_creation": "false",
                            "availability_zone": "us-east-1d",
                            "cidr_block": "172.16.64.0/18",
                            "id": "subnet-0ef2246a",
                            "map_public_ip_on_launch": "true",
                            "tags.%": "1",
                            "tags.Name": "CoreOS Cluster",
                            "vpc_id": "vpc-86093aff"
                        },
                        "meta": {
                            "schema_version": "1"
                        },
                        "tainted": false
                    },
                    "deposed": [],
                    "provider": ""
                },
                "aws_subnet.coreos.2": {
                    "type": "aws_subnet",
                    "depends_on": [
                        "aws_vpc.coreos"
                    ],
                    "primary": {
                        "id": "subnet-5f366873",
                        "attributes": {
                            "assign_ipv6_address_on_creation": "false",
                            "availability_zone": "us-east-1a",
                            "cidr_block": "172.16.128.0/18",
                            "id": "subnet-5f366873",
                            "map_public_ip_on_launch": "true",
                            "tags.%": "1",
                            "tags.Name": "CoreOS Cluster",
                            "vpc_id": "vpc-86093aff"
                        },
                        "meta": {
                            "schema_version": "1"
                        },
                        "tainted": false
                    },
                    "deposed": [],
                    "provider": ""
                },
                "aws_vpc.coreos": {
                    "type": "aws_vpc",
                    "depends_on": [],
                    "primary": {
                        "id": "vpc-86093aff",
                        "attributes": {
                            "assign_generated_ipv6_cidr_block": "false",
                            "cidr_block": "172.16.0.0/16",
                            "default_network_acl_id": "acl-b3de73cb",
                            "default_route_table_id": "rtb-afdc68d4",
                            "default_security_group_id": "sg-820559f2",
                            "dhcp_options_id": "dopt-598ce53f",
                            "enable_classiclink": "false",
                            "enable_dns_hostnames": "true",
                            "enable_dns_support": "true",
                            "id": "vpc-86093aff",
                            "instance_tenancy": "default",
                            "main_route_table_id": "rtb-afdc68d4",
                            "tags.%": "1",
                            "tags.Name": "CoreOS VPC"
                        },
                        "meta": {
                            "schema_version": "1"
                        },
                        "tainted": false
                    },
                    "deposed": [],
                    "provider": ""
                },
                "data.ignition_config.main": {
                    "type": "ignition_config",
                    "depends_on": [
                        "data.ignition_systemd_unit.docker",
                        "data.ignition_systemd_unit.etcd3",
                        "data.ignition_systemd_unit.flannel",
                        "data.ignition_systemd_unit.origin-master",
                        "data.ignition_systemd_unit.pingwin"
                    ],
                    "primary": {
                        "id": "e01a7cef1ad0e11a6ba401cbd5cee1be0b75cfc02122c448d562d88ab6538fc9",
                        "attributes": {
                            "id": "e01a7cef1ad0e11a6ba401cbd5cee1be0b75cfc02122c448d562d88ab6538fc9",
                            "rendered": "{\n    \"ignition\": {\n      \"version\": \"2.0.0\",\n      \"config\": {}\n    },\n    \"storage\": {},\n    \"systemd\": {\n      \"units\": [\n        {\n          \"name\": \"pingwin.service\",\n          \"enable\": true,\n          \"contents\": \"[Unit]\\nDescription=Set etcd2 peers\\nBefore=etcd-member.service\\n\\n[Service]\\nType=oneshot\\nRemainAfterExit=yes\\n\\nExecStartPre=/usr/bin/mkdir -p /etc/sysconfig\\nExecStart=/usr/bin/rkt --insecure-options=image run --dns 8.8.8.8 --net=host --volume data,kind=host,source=/etc/sysconfig/ --mount volume=data,target=/etc/sysconfig/ docker://monsantoco/etcd-aws-cluster\\n\\n[Install]\\nWantedBy=multi-user.target\\n\"\n        },\n        {\n          \"name\": \"etcd-member.service\",\n          \"enable\": true,\n          \"dropins\": [\n            {\n              \"name\": \"30-etcd_peers.conf\",\n              \"contents\": \"  [Unit]\\n  Requires=pingwin.service coreos-metadata.service\\n  After=pingwin.service coreos-metadata.service\\n  Wants=network.target\\n  Conflicts=etcd.service\\n  Conflicts=etcd2.service\\n  [Service]\\n  Type=notify\\n  Restart=on-failure\\n  RestartSec=10s\\n  TimeoutStartSec=0\\n  LimitNOFILE=40000\\n\\n  Environment=\\\"ETCD_IMAGE_TAG=latest\\\"\\n\\n  EnvironmentFile=/etc/sysconfig/etcd-peers\\n  EnvironmentFile=/run/metadata/coreos\\n  ExecStart=\\n  ExecStart=/usr/lib/coreos/etcd-wrapper $ETCD_OPTS \\\\\\n  --advertise-client-urls=http://${COREOS_EC2_IPV4_LOCAL}:2379 \\\\\\n  --initial-advertise-peer-urls=http://${COREOS_EC2_IPV4_LOCAL}:2380 \\\\\\n  --listen-client-urls=http://0.0.0.0:2379 \\\\\\n  --listen-peer-urls=http://0.0.0.0:2380 \\\\\\n  --election-timeout 15000 \\\\\\n  --heartbeat-interval 300\\n\\n  [Install]\\n  WantedBy=multi-user.target\\n\"\n            }\n          ]\n        },\n        {\n          \"name\": \"docker.service\",\n          \"enable\": true,\n          \"dropins\": [\n            {\n              \"name\": \"10-dockeropts.conf\",\n              \"contents\": \"[Unit]\\nRequires=flanneld.service\\nAfter=flanneld.service\\n[Service]\\nRestart=on-failure\\nRestart=always\\nEnvironment=\\\"DOCKER_OPTS=--storage-driver=overlay2\\\"\\n[Install]\\nWantedBy=multi-user.target\"\n            }\n          ]\n        },\n        {\n          \"name\": \"flanneld.service\",\n          \"enable\": true,\n          \"dropins\": [\n            {\n              \"name\": \"50-network-config.conf\",\n              \"contents\": \"      [Unit]\\n\\n      After=etcd-member.service\\n      Requires=etcd-member.service\\n\\n      [Service]\\n      Type=notify\\n      Restart=on-failure\\n      TimeoutStartSec=180\\n      Environment=\\\"TMPDIR=/var/tmp/\\\"\\n      Environment=\\\"FLANNEL_IMAGE_TAG=v0.8.0\\\"\\n      ExecStartPre=/usr/bin/etcdctl set /coreos.com/network/config '{\\\"Network\\\": \\\"172.32.0.0/16\\\", \\\"Backend\\\": {\\\"Type\\\": \\\"aws-vpc\\\"} }'\\n\\n      [Install]\\n\\n\\n      WantedBy=multi-user.target\\n      RequiredBy=docker.service\\n\"\n            }\n          ]\n        },\n        {\n          \"name\": \"origin-master.service\",\n          \"enable\": true,\n          \"contents\": \"  [Unit]\\n  After=docker.service\\n  PartOf=docker.service\\n  Requires=docker.service coreos-metadata.service\\n  After=etcd-member.service\\n  [Service]\\nEnvironmentFile=/run/metadata/coreos\\nExecStart=/usr/bin/docker run --rm --privileged --net=host --name origin-master  -v /var/lib/origin:/var/lib/origin -v /var/run/docker.sock:/var/run/docker.sock -v /etc/origin:/etc/origin --entrypoint /usr/bin/openshift openshift/origin start master --etcd=http://0.0.0.0:2379 --loglevel=4 --public-master=${COREOS_EC2_IPV4_PUBLIC}:8443\\nExecStartPost=/usr/bin/sleep 10\\nExecStop=/usr/bin/docker stop origin-master\\nRestart=always\\nRestartSec=5s\\n\\n[Install]\\nWantedBy=multi-user.target\\n\\n\"\n        }\n      ]\n    },\n    \"networkd\": {},\n    \"passwd\": {}\n  }",
                            "systemd.#": "5",
                            "systemd.0": "3769c4217b88e43a6bcecd8d4d4f3d6b6e656727dbeacde457df4441e0568714",
                            "systemd.1": "992d7c80a79f55d4ce3fbc9302061064f83e109379d60ef4c17d64b68b68db23",
                            "systemd.2": "e88e477559d42dcebcb5359ea567e8f2fec4e538f33f00023fd96c887310f4ac",
                            "systemd.3": "143c1f50a2cb53ae8712e44fd67fee69d374583774ab75b05607b80a2d1617f5",
                            "systemd.4": "c91f223fc9694822e1b7979c49600c55e3c72c2aa886ca0f5a17fcbb44ec37ce"
                        },
                        "meta": {},
                        "tainted": false
                    },
                    "deposed": [],
                    "provider": ""
                },
                "data.ignition_systemd_unit.docker": {
                    "type": "ignition_systemd_unit",
                    "depends_on": [],
                    "primary": {
                        "id": "e88e477559d42dcebcb5359ea567e8f2fec4e538f33f00023fd96c887310f4ac",
                        "attributes": {
                            "dropin.#": "1",
                            "dropin.0.content": "[Unit]\nRequires=flanneld.service\nAfter=flanneld.service\n[Service]\nRestart=on-failure\nRestart=always\nEnvironment=\"DOCKER_OPTS=--storage-driver=overlay2\"\n[Install]\nWantedBy=multi-user.target",
                            "dropin.0.name": "10-dockeropts.conf",
                            "enable": "true",
                            "id": "e88e477559d42dcebcb5359ea567e8f2fec4e538f33f00023fd96c887310f4ac",
                            "name": "docker.service"
                        },
                        "meta": {},
                        "tainted": false
                    },
                    "deposed": [],
                    "provider": ""
                },
                "data.ignition_systemd_unit.etcd3": {
                    "type": "ignition_systemd_unit",
                    "depends_on": [],
                    "primary": {
                        "id": "992d7c80a79f55d4ce3fbc9302061064f83e109379d60ef4c17d64b68b68db23",
                        "attributes": {
                            "dropin.#": "1",
                            "dropin.0.content": "  [Unit]\n  Requires=pingwin.service coreos-metadata.service\n  After=pingwin.service coreos-metadata.service\n  Wants=network.target\n  Conflicts=etcd.service\n  Conflicts=etcd2.service\n  [Service]\n  Type=notify\n  Restart=on-failure\n  RestartSec=10s\n  TimeoutStartSec=0\n  LimitNOFILE=40000\n\n  Environment=\"ETCD_IMAGE_TAG=latest\"\n\n  EnvironmentFile=/etc/sysconfig/etcd-peers\n  EnvironmentFile=/run/metadata/coreos\n  ExecStart=\n  ExecStart=/usr/lib/coreos/etcd-wrapper $ETCD_OPTS \\\n  --advertise-client-urls=http://${COREOS_EC2_IPV4_LOCAL}:2379 \\\n  --initial-advertise-peer-urls=http://${COREOS_EC2_IPV4_LOCAL}:2380 \\\n  --listen-client-urls=http://0.0.0.0:2379 \\\n  --listen-peer-urls=http://0.0.0.0:2380 \\\n  --election-timeout 15000 \\\n  --heartbeat-interval 300\n\n  [Install]\n  WantedBy=multi-user.target\n",
                            "dropin.0.name": "30-etcd_peers.conf",
                            "enable": "true",
                            "id": "992d7c80a79f55d4ce3fbc9302061064f83e109379d60ef4c17d64b68b68db23",
                            "name": "etcd-member.service"
                        },
                        "meta": {},
                        "tainted": false
                    },
                    "deposed": [],
                    "provider": ""
                },
                "data.ignition_systemd_unit.flannel": {
                    "type": "ignition_systemd_unit",
                    "depends_on": [],
                    "primary": {
                        "id": "143c1f50a2cb53ae8712e44fd67fee69d374583774ab75b05607b80a2d1617f5",
                        "attributes": {
                            "dropin.#": "1",
                            "dropin.0.content": "      [Unit]\n\n      After=etcd-member.service\n      Requires=etcd-member.service\n\n      [Service]\n      Type=notify\n      Restart=on-failure\n      TimeoutStartSec=180\n      Environment=\"TMPDIR=/var/tmp/\"\n      Environment=\"FLANNEL_IMAGE_TAG=v0.8.0\"\n      ExecStartPre=/usr/bin/etcdctl set /coreos.com/network/config '{\"Network\": \"172.32.0.0/16\", \"Backend\": {\"Type\": \"aws-vpc\"} }'\n\n      [Install]\n\n\n      WantedBy=multi-user.target\n      RequiredBy=docker.service\n",
                            "dropin.0.name": "50-network-config.conf",
                            "enable": "true",
                            "id": "143c1f50a2cb53ae8712e44fd67fee69d374583774ab75b05607b80a2d1617f5",
                            "name": "flanneld.service"
                        },
                        "meta": {},
                        "tainted": false
                    },
                    "deposed": [],
                    "provider": ""
                },
                "data.ignition_systemd_unit.origin-master": {
                    "type": "ignition_systemd_unit",
                    "depends_on": [],
                    "primary": {
                        "id": "c91f223fc9694822e1b7979c49600c55e3c72c2aa886ca0f5a17fcbb44ec37ce",
                        "attributes": {
                            "content": "  [Unit]\n  After=docker.service\n  PartOf=docker.service\n  Requires=docker.service coreos-metadata.service\n  After=etcd-member.service\n  [Service]\nEnvironmentFile=/run/metadata/coreos\nExecStart=/usr/bin/docker run --rm --privileged --net=host --name origin-master  -v /var/lib/origin:/var/lib/origin -v /var/run/docker.sock:/var/run/docker.sock -v /etc/origin:/etc/origin --entrypoint /usr/bin/openshift openshift/origin start master --etcd=http://0.0.0.0:2379 --loglevel=4 --public-master=${COREOS_EC2_IPV4_PUBLIC}:8443\nExecStartPost=/usr/bin/sleep 10\nExecStop=/usr/bin/docker stop origin-master\nRestart=always\nRestartSec=5s\n\n[Install]\nWantedBy=multi-user.target\n\n",
                            "enable": "true",
                            "id": "c91f223fc9694822e1b7979c49600c55e3c72c2aa886ca0f5a17fcbb44ec37ce",
                            "name": "origin-master.service"
                        },
                        "meta": {},
                        "tainted": false
                    },
                    "deposed": [],
                    "provider": ""
                },
                "data.ignition_systemd_unit.pingwin": {
                    "type": "ignition_systemd_unit",
                    "depends_on": [],
                    "primary": {
                        "id": "3769c4217b88e43a6bcecd8d4d4f3d6b6e656727dbeacde457df4441e0568714",
                        "attributes": {
                            "content": "[Unit]\nDescription=Set etcd2 peers\nBefore=etcd-member.service\n\n[Service]\nType=oneshot\nRemainAfterExit=yes\n\nExecStartPre=/usr/bin/mkdir -p /etc/sysconfig\nExecStart=/usr/bin/rkt --insecure-options=image run --dns 8.8.8.8 --net=host --volume data,kind=host,source=/etc/sysconfig/ --mount volume=data,target=/etc/sysconfig/ docker://monsantoco/etcd-aws-cluster\n\n[Install]\nWantedBy=multi-user.target\n",
                            "enable": "true",
                            "id": "3769c4217b88e43a6bcecd8d4d4f3d6b6e656727dbeacde457df4441e0568714",
                            "name": "pingwin.service"
                        },
                        "meta": {},
                        "tainted": false
                    },
                    "deposed": [],
                    "provider": ""
                }
            },
            "depends_on": []
        }
    ]
}
